
Microsoft Visual Studio Solution File, Format Version 12.00
# Visual Studio Version 16
VisualStudioVersion = 16.0.30114.105
MinimumVisualStudioVersion = 10.0.40219.1
Project("{2150E333-8FDC-42A3-9474-1A3956D46DE8}") = "src", "src", "{0EAED545-9E0F-4CF9-835E-904AE2BD9E11}"
EndProject
Project("{2150E333-8FDC-42A3-9474-1A3956D46DE8}") = "API", "API", "{728BDC41-6D36-4B6D-A081-8C335EA37A3B}"
EndProject
Project("{2150E333-8FDC-42A3-9474-1A3956D46DE8}") = "Core", "Core", "{D079C7BB-CB3D-4996-88A3-9013BBACF9E8}"
EndProject
Project("{2150E333-8FDC-42A3-9474-1A3956D46DE8}") = "Infrastructure", "Infrastructure", "{457E060F-4E1D-4838-8308-41923B314024}"
EndProject
Project("{9A19103F-16F7-4668-BE54-9A1E7A4F7556}") = "Domain", "Domain\Domain.csproj", "{C797CC1F-655B-4A2D-9BDF-D50D23F34CBD}"
EndProject
Project("{9A19103F-16F7-4668-BE54-9A1E7A4F7556}") = "Persistence", "Persistence\Persistence.csproj", "{3C8513F7-D507-483D-BF75-336EEDD806D5}"
EndProject
Project("{9A19103F-16F7-4668-BE54-9A1E7A4F7556}") = "Api", "Api\Api.csproj", "{A6AFDD71-6955-49DD-82E8-AE2FA843E6B8}"
EndProject
Project("{FAE04EC0-301F-11D3-BF4B-00C04F79EFBC}") = "Application", "Application\Application.csproj", "{D5FA3ECA-34E9-46D5-B4F0-80594CEB44C8}"
EndProject
Global
	GlobalSection(SolutionConfigurationPlatforms) = preSolution
		Debug|Any CPU = Debug|Any CPU
		Debug|x64 = Debug|x64
		Debug|x86 = Debug|x86
		Release|Any CPU = Release|Any CPU
		Release|x64 = Release|x64
		Release|x86 = Release|x86
	EndGlobalSection
	GlobalSection(ProjectConfigurationPlatforms) = postSolution
		{C797CC1F-655B-4A2D-9BDF-D50D23F34CBD}.Debug|Any CPU.ActiveCfg = Debug|Any CPU
		{C797CC1F-655B-4A2D-9BDF-D50D23F34CBD}.Debug|Any CPU.Build.0 = Debug|Any CPU
		{C797CC1F-655B-4A2D-9BDF-D50D23F34CBD}.Debug|x64.ActiveCfg = Debug|Any CPU
		{C797CC1F-655B-4A2D-9BDF-D50D23F34CBD}.Debug|x64.Build.0 = Debug|Any CPU
		{C797CC1F-655B-4A2D-9BDF-D50D23F34CBD}.Debug|x86.ActiveCfg = Debug|Any CPU
		{C797CC1F-655B-4A2D-9BDF-D50D23F34CBD}.Debug|x86.Build.0 = Debug|Any CPU
		{C797CC1F-655B-4A2D-9BDF-D50D23F34CBD}.Release|Any CPU.ActiveCfg = Release|Any CPU
		{C797CC1F-655B-4A2D-9BDF-D50D23F34CBD}.Release|Any CPU.Build.0 = Release|Any CPU
		{C797CC1F-655B-4A2D-9BDF-D50D23F34CBD}.Release|x64.ActiveCfg = Release|Any CPU
		{C797CC1F-655B-4A2D-9BDF-D50D23F34CBD}.Release|x64.Build.0 = Release|Any CPU
		{C797CC1F-655B-4A2D-9BDF-D50D23F34CBD}.Release|x86.ActiveCfg = Release|Any CPU
		{C797CC1F-655B-4A2D-9BDF-D50D23F34CBD}.Release|x86.Build.0 = Release|Any CPU
		{3C8513F7-D507-483D-BF75-336EEDD806D5}.Debug|Any CPU.ActiveCfg = Debug|Any CPU
		{3C8513F7-D507-483D-BF75-336EEDD806D5}.Debug|Any CPU.Build.0 = Debug|Any CPU
		{3C8513F7-D507-483D-BF75-336EEDD806D5}.Debug|x64.ActiveCfg = Debug|Any CPU
		{3C8513F7-D507-483D-BF75-336EEDD806D5}.Debug|x64.Build.0 = Debug|Any CPU
		{3C8513F7-D507-483D-BF75-336EEDD806D5}.Debug|x86.ActiveCfg = Debug|Any CPU
		{3C8513F7-D507-483D-BF75-336EEDD806D5}.Debug|x86.Build.0 = Debug|Any CPU
		{3C8513F7-D507-483D-BF75-336EEDD806D5}.Release|Any CPU.ActiveCfg = Release|Any CPU
		{3C8513F7-D507-483D-BF75-336EEDD806D5}.Release|Any CPU.Build.0 = Release|Any CPU
		{3C8513F7-D507-483D-BF75-336EEDD806D5}.Release|x64.ActiveCfg = Release|Any CPU
		{3C8513F7-D507-483D-BF75-336EEDD806D5}.Release|x64.Build.0 = Release|Any CPU
		{3C8513F7-D507-483D-BF75-336EEDD806D5}.Release|x86.ActiveCfg = Release|Any CPU
		{3C8513F7-D507-483D-BF75-336EEDD806D5}.Release|x86.Build.0 = Release|Any CPU
		{A6AFDD71-6955-49DD-82E8-AE2FA843E6B8}.Debug|Any CPU.ActiveCfg = Debug|Any CPU
		{A6AFDD71-6955-49DD-82E8-AE2FA843E6B8}.Debug|Any CPU.Build.0 = Debug|Any CPU
		{A6AFDD71-6955-49DD-82E8-AE2FA843E6B8}.Debug|x64.ActiveCfg = Debug|Any CPU
		{A6AFDD71-6955-49DD-82E8-AE2FA843E6B8}.Debug|x64.Build.0 = Debug|Any CPU
		{A6AFDD71-6955-49DD-82E8-AE2FA843E6B8}.Debug|x86.ActiveCfg = Debug|Any CPU
		{A6AFDD71-6955-49DD-82E8-AE2FA843E6B8}.Debug|x86.Build.0 = Debug|Any CPU
		{A6AFDD71-6955-49DD-82E8-AE2FA843E6B8}.Release|Any CPU.ActiveCfg = Release|Any CPU
		{A6AFDD71-6955-49DD-82E8-AE2FA843E6B8}.Release|Any CPU.Build.0 = Release|Any CPU
		{A6AFDD71-6955-49DD-82E8-AE2FA843E6B8}.Release|x64.ActiveCfg = Release|Any CPU
		{A6AFDD71-6955-49DD-82E8-AE2FA843E6B8}.Release|x64.Build.0 = Release|Any CPU
		{A6AFDD71-6955-49DD-82E8-AE2FA843E6B8}.Release|x86.ActiveCfg = Release|Any CPU
		{A6AFDD71-6955-49DD-82E8-AE2FA843E6B8}.Release|x86.Build.0 = Release|Any CPU
		{D5FA3ECA-34E9-46D5-B4F0-80594CEB44C8}.Debug|Any CPU.ActiveCfg = Debug|Any CPU
		{D5FA3ECA-34E9-46D5-B4F0-80594CEB44C8}.Debug|Any CPU.Build.0 = Debug|Any CPU
		{D5FA3ECA-34E9-46D5-B4F0-80594CEB44C8}.Debug|x64.ActiveCfg = Debug|Any CPU
		{D5FA3ECA-34E9-46D5-B4F0-80594CEB44C8}.Debug|x64.Build.0 = Debug|Any CPU
		{D5FA3ECA-34E9-46D5-B4F0-80594CEB44C8}.Debug|x86.ActiveCfg = Debug|Any CPU
		{D5FA3ECA-34E9-46D5-B4F0-80594CEB44C8}.Debug|x86.Build.0 = Debug|Any CPU
		{D5FA3ECA-34E9-46D5-B4F0-80594CEB44C8}.Release|Any CPU.ActiveCfg = Release|Any CPU
		{D5FA3ECA-34E9-46D5-B4F0-80594CEB44C8}.Release|Any CPU.Build.0 = Release|Any CPU
		{D5FA3ECA-34E9-46D5-B4F0-80594CEB44C8}.Release|x64.ActiveCfg = Release|Any CPU
		{D5FA3ECA-34E9-46D5-B4F0-80594CEB44C8}.Release|x64.Build.0 = Release|Any CPU
		{D5FA3ECA-34E9-46D5-B4F0-80594CEB44C8}.Release|x86.ActiveCfg = Release|Any CPU
		{D5FA3ECA-34E9-46D5-B4F0-80594CEB44C8}.Release|x86.Build.0 = Release|Any CPU
	EndGlobalSection
	GlobalSection(SolutionProperties) = preSolution
		HideSolutionNode = FALSE
	EndGlobalSection
	GlobalSection(NestedProjects) = preSolution
		{728BDC41-6D36-4B6D-A081-8C335EA37A3B} = {0EAED545-9E0F-4CF9-835E-904AE2BD9E11}
		{D079C7BB-CB3D-4996-88A3-9013BBACF9E8} = {0EAED545-9E0F-4CF9-835E-904AE2BD9E11}
		{457E060F-4E1D-4838-8308-41923B314024} = {0EAED545-9E0F-4CF9-835E-904AE2BD9E11}
		{C797CC1F-655B-4A2D-9BDF-D50D23F34CBD} = {D079C7BB-CB3D-4996-88A3-9013BBACF9E8}
		{3C8513F7-D507-483D-BF75-336EEDD806D5} = {457E060F-4E1D-4838-8308-41923B314024}
		{A6AFDD71-6955-49DD-82E8-AE2FA843E6B8} = {728BDC41-6D36-4B6D-A081-8C335EA37A3B}
		{D5FA3ECA-34E9-46D5-B4F0-80594CEB44C8} = {D079C7BB-CB3D-4996-88A3-9013BBACF9E8}
	EndGlobalSection
	GlobalSection(ExtensibilityGlobals) = postSolution
		SolutionGuid = {3947DE31-1234-41EF-AACF-8135B8D81B50}
	EndGlobalSection
EndGlobal
